{
    "_readme": [
        "This file locks the dependencies of your project to a known state",
        "Read more about it at https://getcomposer.org/doc/01-basic-usage.md#composer-lock-the-lock-file",
        "This file is @generated automatically"
    ],
    "content-hash": "c53c8c4eca0b1b968d319f2a86798fe2",
    "packages": [
        {
            "name": "buzzingpixel/datamodel",
            "version": "1.3.1",
            "source": {
                "type": "git",
                "url": "https://github.com/buzzingpixel/datamodel.git",
                "reference": "96f53655dc0717e2f5b04f49e7cdeb60779f71b5"
            },
            "dist": {
                "type": "zip",
                "url": "https://api.github.com/repos/buzzingpixel/datamodel/zipball/96f53655dc0717e2f5b04f49e7cdeb60779f71b5",
                "reference": "96f53655dc0717e2f5b04f49e7cdeb60779f71b5",
                "shasum": ""
            },
            "require-dev": {
                "phpunit/phpunit": "^6.1"
            },
            "type": "library",
            "autoload": {
                "psr-4": {
                    "BuzzingPixel\\DataModel\\": "src/"
                }
            },
            "notification-url": "https://packagist.org/downloads/",
            "license": [
                "Apache-2.0"
            ],
            "authors": [
                {
                    "name": "TJ Draper",
                    "email": "tj@buzzingpixel.com",
                    "homepage": "https://buzzingpixel.com"
                }
            ],
            "description": "Data modeling",
            "time": "2017-08-22T03:45:56+00:00"
        }
    ],
    "packages-dev": [],
    "aliases": [],
    "minimum-stability": "stable",
    "stability-flags": [],
    "prefer-stable": false,
    "prefer-lowest": false,
    "platform": [],
    "platform-dev": []
}
